
Microsoft Visual Studio Solution File, Format Version 12.00
# Visual Studio Version 17
VisualStudioVersion = 17.9.34902.65
MinimumVisualStudioVersion = 10.0.40219.1
Project("{FAE04EC0-301F-11D3-BF4B-00C04F79EFBC}") = "MedicalRegistration1", "MedicalRegistration1.csproj", "{0CFA46CA-8BA5-4C88-9A14-AC71434FA915}"
EndProject
Global
	GlobalSection(SolutionConfigurationPlatforms) = preSolution
		Debug|Any CPU = Debug|Any CPU
		Release|Any CPU = Release|Any CPU
	EndGlobalSection
	GlobalSection(ProjectConfigurationPlatforms) = postSolution
		{0CFA46CA-8BA5-4C88-9A14-AC71434FA915}.Debug|Any CPU.ActiveCfg = Debug|Any CPU
		{0CFA46CA-8BA5-4C88-9A14-AC71434FA915}.Debug|Any CPU.Build.0 = Debug|Any CPU
		{0CFA46CA-8BA5-4C88-9A14-AC71434FA915}.Release|Any CPU.ActiveCfg = Release|Any CPU
		{0CFA46CA-8BA5-4C88-9A14-AC71434FA915}.Release|Any CPU.Build.0 = Release|Any CPU
	EndGlobalSection
	GlobalSection(SolutionProperties) = preSolution
		HideSolutionNode = FALSE
	EndGlobalSection
	GlobalSection(ExtensibilityGlobals) = postSolution
		SolutionGuid = {424B972B-16F5-406A-928F-79EBA2A3F63F}
	EndGlobalSection
EndGlobal
